
Microsoft Visual Studio Solution File, Format Version 12.00
# Visual Studio 15
VisualStudioVersion = 15.0.28307.168
MinimumVisualStudioVersion = 10.0.40219.1
Project("{8BC9CEB8-8B4A-11D0-8D11-00A0C91BC942}") = "alisp", "alisp.vcxproj", "{3A8E0361-7E9F-4784-A59E-03F4CCBEEEA2}"
EndProject
Project("{8BC9CEB8-8B4A-11D0-8D11-00A0C91BC942}") = "linenoise-ng-project", "contrib\linenoise-ng-project\linenoise-ng-project.vcxproj", "{5109AED4-EFCA-4B12-AA2E-C2EE75CA7DB5}"
EndProject
Project("{9092AA53-FB77-4645-B42D-1CCCA6BD08BD}") = "ALisp-Node", "ALisp-Node.njsproj", "{3B6EFB78-7E31-41EC-80B4-90DD5481A3AF}"
EndProject
Global
	GlobalSection(SolutionConfigurationPlatforms) = preSolution
		Debug|Any CPU = Debug|Any CPU
		Debug|x64 = Debug|x64
		Debug|x86 = Debug|x86
		Release|Any CPU = Release|Any CPU
		Release|x64 = Release|x64
		Release|x86 = Release|x86
	EndGlobalSection
	GlobalSection(ProjectConfigurationPlatforms) = postSolution
		{3A8E0361-7E9F-4784-A59E-03F4CCBEEEA2}.Debug|Any CPU.ActiveCfg = Debug|Win32
		{3A8E0361-7E9F-4784-A59E-03F4CCBEEEA2}.Debug|x64.ActiveCfg = Debug|x64
		{3A8E0361-7E9F-4784-A59E-03F4CCBEEEA2}.Debug|x64.Build.0 = Debug|x64
		{3A8E0361-7E9F-4784-A59E-03F4CCBEEEA2}.Debug|x86.ActiveCfg = Debug|Win32
		{3A8E0361-7E9F-4784-A59E-03F4CCBEEEA2}.Debug|x86.Build.0 = Debug|Win32
		{3A8E0361-7E9F-4784-A59E-03F4CCBEEEA2}.Release|Any CPU.ActiveCfg = Release|Win32
		{3A8E0361-7E9F-4784-A59E-03F4CCBEEEA2}.Release|x64.ActiveCfg = Release|x64
		{3A8E0361-7E9F-4784-A59E-03F4CCBEEEA2}.Release|x64.Build.0 = Release|x64
		{3A8E0361-7E9F-4784-A59E-03F4CCBEEEA2}.Release|x86.ActiveCfg = Release|Win32
		{3A8E0361-7E9F-4784-A59E-03F4CCBEEEA2}.Release|x86.Build.0 = Release|Win32
		{5109AED4-EFCA-4B12-AA2E-C2EE75CA7DB5}.Debug|Any CPU.ActiveCfg = Debug|Win32
		{5109AED4-EFCA-4B12-AA2E-C2EE75CA7DB5}.Debug|x64.ActiveCfg = Debug|x64
		{5109AED4-EFCA-4B12-AA2E-C2EE75CA7DB5}.Debug|x64.Build.0 = Debug|x64
		{5109AED4-EFCA-4B12-AA2E-C2EE75CA7DB5}.Debug|x86.ActiveCfg = Debug|Win32
		{5109AED4-EFCA-4B12-AA2E-C2EE75CA7DB5}.Debug|x86.Build.0 = Debug|Win32
		{5109AED4-EFCA-4B12-AA2E-C2EE75CA7DB5}.Release|Any CPU.ActiveCfg = Release|Win32
		{5109AED4-EFCA-4B12-AA2E-C2EE75CA7DB5}.Release|x64.ActiveCfg = Release|x64
		{5109AED4-EFCA-4B12-AA2E-C2EE75CA7DB5}.Release|x64.Build.0 = Release|x64
		{5109AED4-EFCA-4B12-AA2E-C2EE75CA7DB5}.Release|x86.ActiveCfg = Release|Win32
		{5109AED4-EFCA-4B12-AA2E-C2EE75CA7DB5}.Release|x86.Build.0 = Release|Win32
		{3B6EFB78-7E31-41EC-80B4-90DD5481A3AF}.Debug|Any CPU.ActiveCfg = Debug|Any CPU
		{3B6EFB78-7E31-41EC-80B4-90DD5481A3AF}.Debug|Any CPU.Build.0 = Debug|Any CPU
		{3B6EFB78-7E31-41EC-80B4-90DD5481A3AF}.Debug|x64.ActiveCfg = Debug|Any CPU
		{3B6EFB78-7E31-41EC-80B4-90DD5481A3AF}.Debug|x64.Build.0 = Debug|Any CPU
		{3B6EFB78-7E31-41EC-80B4-90DD5481A3AF}.Debug|x86.ActiveCfg = Debug|Any CPU
		{3B6EFB78-7E31-41EC-80B4-90DD5481A3AF}.Debug|x86.Build.0 = Debug|Any CPU
		{3B6EFB78-7E31-41EC-80B4-90DD5481A3AF}.Release|Any CPU.ActiveCfg = Release|Any CPU
		{3B6EFB78-7E31-41EC-80B4-90DD5481A3AF}.Release|Any CPU.Build.0 = Release|Any CPU
		{3B6EFB78-7E31-41EC-80B4-90DD5481A3AF}.Release|x64.ActiveCfg = Release|Any CPU
		{3B6EFB78-7E31-41EC-80B4-90DD5481A3AF}.Release|x64.Build.0 = Release|Any CPU
		{3B6EFB78-7E31-41EC-80B4-90DD5481A3AF}.Release|x86.ActiveCfg = Release|Any CPU
		{3B6EFB78-7E31-41EC-80B4-90DD5481A3AF}.Release|x86.Build.0 = Release|Any CPU
	EndGlobalSection
	GlobalSection(SolutionProperties) = preSolution
		HideSolutionNode = FALSE
	EndGlobalSection
	GlobalSection(ExtensibilityGlobals) = postSolution
		SolutionGuid = {7E27171A-5FC6-4A87-BEBA-52E7F1C3272A}
	EndGlobalSection
EndGlobal
